
Microsoft Visual Studio Solution File, Format Version 12.00
# Visual Studio Version 16
VisualStudioVersion = 16.0.30104.148
MinimumVisualStudioVersion = 10.0.40219.1
Project("{FAE04EC0-301F-11D3-BF4B-00C04F79EFBC}") = "ConsoleProva", "ConsoleProva\ConsoleProva.csproj", "{623DF362-4D11-4259-9A35-950DA362F253}"
EndProject
Global
	GlobalSection(SolutionConfigurationPlatforms) = preSolution
		Debug|Any CPU = Debug|Any CPU
		Release|Any CPU = Release|Any CPU
	EndGlobalSection
	GlobalSection(ProjectConfigurationPlatforms) = postSolution
		{623DF362-4D11-4259-9A35-950DA362F253}.Debug|Any CPU.ActiveCfg = Debug|Any CPU
		{623DF362-4D11-4259-9A35-950DA362F253}.Debug|Any CPU.Build.0 = Debug|Any CPU
		{623DF362-4D11-4259-9A35-950DA362F253}.Release|Any CPU.ActiveCfg = Release|Any CPU
		{623DF362-4D11-4259-9A35-950DA362F253}.Release|Any CPU.Build.0 = Release|Any CPU
	EndGlobalSection
	GlobalSection(SolutionProperties) = preSolution
		HideSolutionNode = FALSE
	EndGlobalSection
	GlobalSection(ExtensibilityGlobals) = postSolution
		SolutionGuid = {5F075A57-44E8-428B-B1C4-15CEDD4D2721}
	EndGlobalSection
EndGlobal
